# THIS IS AN AUTOGENERATED FILE. DO NOT EDIT THIS FILE DIRECTLY.
# yarn lockfile v1


"@protobufjs/aspromise@^1.1.1", "@protobufjs/aspromise@^1.1.2":
  "integrity" "sha1-m4sMxmPWaafY9vXQiToU00jzD78="
  "resolved" "https://registry.npmjs.org/@protobufjs/aspromise/-/aspromise-1.1.2.tgz"
  "version" "1.1.2"

"@protobufjs/base64@^1.1.2":
  "integrity" "sha512-AZkcAA5vnN/v4PDqKyMR5lx7hZttPDgClv83E//FMNhR2TMcLUhfRUBHCmSl0oi9zMgDDqRUJkSxO3wm85+XLg=="
  "resolved" "https://registry.npmjs.org/@protobufjs/base64/-/base64-1.1.2.tgz"
  "version" "1.1.2"

"@protobufjs/codegen@^2.0.4":
  "integrity" "sha512-YyFaikqM5sH0ziFZCN3xDC7zeGaB/d0IUb9CATugHWbd1FRFwWwt4ld4OYMPWu5a3Xe01mGAULCdqhMlPl29Jg=="
  "resolved" "https://registry.npmjs.org/@protobufjs/codegen/-/codegen-2.0.4.tgz"
  "version" "2.0.4"

"@protobufjs/eventemitter@^1.1.0":
  "integrity" "sha1-NVy8mLr61ZePntCV85diHx0Ga3A="
  "resolved" "https://registry.npmjs.org/@protobufjs/eventemitter/-/eventemitter-1.1.0.tgz"
  "version" "1.1.0"

"@protobufjs/fetch@^1.1.0":
  "integrity" "sha1-upn7WYYUr2VwDBYZ/wbUVLDYTEU="
  "resolved" "https://registry.npmjs.org/@protobufjs/fetch/-/fetch-1.1.0.tgz"
  "version" "1.1.0"
  dependencies:
    "@protobufjs/aspromise" "^1.1.1"
    "@protobufjs/inquire" "^1.1.0"

"@protobufjs/float@^1.0.2":
  "integrity" "sha1-Xp4avctz/Ap8uLKR33jIy9l7h9E="
  "resolved" "https://registry.npmjs.org/@protobufjs/float/-/float-1.0.2.tgz"
  "version" "1.0.2"

"@protobufjs/inquire@^1.1.0":
  "integrity" "sha1-/yAOPnzyQp4tyvwRQIKOjMY48Ik="
  "resolved" "https://registry.npmjs.org/@protobufjs/inquire/-/inquire-1.1.0.tgz"
  "version" "1.1.0"

"@protobufjs/path@^1.1.2":
  "integrity" "sha1-bMKyDFya1q0NzP0hynZz2Nf79o0="
  "resolved" "https://registry.npmjs.org/@protobufjs/path/-/path-1.1.2.tgz"
  "version" "1.1.2"

"@protobufjs/pool@^1.1.0":
  "integrity" "sha1-Cf0V8tbTq/qbZbw2ZQbWrXhG/1Q="
  "resolved" "https://registry.npmjs.org/@protobufjs/pool/-/pool-1.1.0.tgz"
  "version" "1.1.0"

"@protobufjs/utf8@^1.1.0":
  "integrity" "sha1-p3c2C1s5oaLlEG+OhY8v0tBgxXA="
  "resolved" "https://registry.npmjs.org/@protobufjs/utf8/-/utf8-1.1.0.tgz"
  "version" "1.1.0"

"@types/long@^4.0.1":
  "integrity" "sha512-5tXH6Bx/kNGd3MgffdmP4dy2Z+G4eaXw0SE81Tq3BNadtnMR5/ySMzX4SLEzHJzSmPNn4HIdpQsBvXMUykr58w=="
  "resolved" "https://registry.npmjs.org/@types/long/-/long-4.0.1.tgz"
  "version" "4.0.1"

"@types/node@*":
  "integrity" "sha512-Zw1vhUSQZYw+7u5dAwNbIA9TuTotpzY/OF7sJM9FqPOF3SPjKnxrjoTktXDZgUjybf4cWVBP7O8wvKdSaGHweg=="
  "resolved" "https://registry.npmjs.org/@types/node/-/node-14.14.7.tgz"
  "version" "14.14.7"

"@types/node@^13.7.0":
  "integrity" "sha512-HmqFpNzp3TSELxU/bUuRK+xzarVOAsR00hzcvM0TXrMlt/+wcSLa5q6YhTb6/cA6wqDCZLDcfd8fSL95x5h7AA=="
  "resolved" "https://registry.npmjs.org/@types/node/-/node-13.13.30.tgz"
  "version" "13.13.30"

"@types/yauzl@^2.9.1":
  "integrity" "sha512-A1b8SU4D10uoPjwb0lnHmmu8wZhR9d+9o2PKBQT2jU5YPTKsxac6M2qGAdY7VcL+dHHhARVUDmeg0rOrcd9EjA=="
  "resolved" "https://registry.npmjs.org/@types/yauzl/-/yauzl-2.9.1.tgz"
  "version" "2.9.1"
  dependencies:
    "@types/node" "*"

"asn1.js@^5.2.0":
  "integrity" "sha512-+I//4cYPccV8LdmBLiX8CYvf9Sp3vQsrqu2QNXRcrbiWvcx/UdlFiqUJJzxRQxgsZmvhXhn4cSKeSmoFjVdupA=="
  "resolved" "https://registry.npmjs.org/asn1.js/-/asn1.js-5.4.1.tgz"
  "version" "5.4.1"
  dependencies:
    "bn.js" "^4.0.0"
    "inherits" "^2.0.1"
    "minimalistic-assert" "^1.0.0"
    "safer-buffer" "^2.1.0"

"base64-js@^1.3.1":
  "integrity" "sha512-mLQ4i2QO1ytvGWFWmcngKO//JXAQueZvwEKtjgQFM4jIK0kU+ytMfplL8j+n5mspOfjHwoAg+9yhb7BwAHm36g=="
  "resolved" "https://registry.npmjs.org/base64-js/-/base64-js-1.3.1.tgz"
  "version" "1.3.1"

"bn.js@^4.0.0":
  "integrity" "sha512-E6QoYqCKZfgatHTdHzs1RRKP7ip4vvm+EyRUeE2RF0NblwVvb0p6jSVeNTOFxPn26QXN2o6SMfNxKp6kU8zQaw=="
  "resolved" "https://registry.npmjs.org/bn.js/-/bn.js-4.11.9.tgz"
  "version" "4.11.9"

"bn.js@^4.1.0":
  "integrity" "sha512-E6QoYqCKZfgatHTdHzs1RRKP7ip4vvm+EyRUeE2RF0NblwVvb0p6jSVeNTOFxPn26QXN2o6SMfNxKp6kU8zQaw=="
  "resolved" "https://registry.npmjs.org/bn.js/-/bn.js-4.11.9.tgz"
  "version" "4.11.9"

"bn.js@^4.4.0":
  "integrity" "sha512-E6QoYqCKZfgatHTdHzs1RRKP7ip4vvm+EyRUeE2RF0NblwVvb0p6jSVeNTOFxPn26QXN2o6SMfNxKp6kU8zQaw=="
  "resolved" "https://registry.npmjs.org/bn.js/-/bn.js-4.11.9.tgz"
  "version" "4.11.9"

"bn.js@^5.1.1":
  "integrity" "sha512-GkTiFpjFtUzU9CbMeJ5iazkCzGL3jrhzerzZIuqLABjbwRaFt33I9tUdSNryIptM+RxDet6OKm2WnLXzW51KsQ=="
  "resolved" "https://registry.npmjs.org/bn.js/-/bn.js-5.1.3.tgz"
  "version" "5.1.3"

"brorand@^1.0.1":
  "integrity" "sha1-EsJe/kCkXjwyPrhnWgoM5XsiNx8="
  "resolved" "https://registry.npmjs.org/brorand/-/brorand-1.1.0.tgz"
  "version" "1.1.0"

"browserify-aes@^1.0.0", "browserify-aes@^1.0.4":
  "integrity" "sha512-+7CHXqGuspUn/Sl5aO7Ea0xWGAtETPXNSAjHo48JfLdPWcMng33Xe4znFvQweqc/uzk5zSOI3H52CYnjCfb5hA=="
  "resolved" "https://registry.npmjs.org/browserify-aes/-/browserify-aes-1.2.0.tgz"
  "version" "1.2.0"
  dependencies:
    "buffer-xor" "^1.0.3"
    "cipher-base" "^1.0.0"
    "create-hash" "^1.1.0"
    "evp_bytestokey" "^1.0.3"
    "inherits" "^2.0.1"
    "safe-buffer" "^5.0.1"

"browserify-cipher@^1.0.0":
  "integrity" "sha512-sPhkz0ARKbf4rRQt2hTpAHqn47X3llLkUGn+xEJzLjwY8LRs2p0v7ljvI5EyoRO/mexrNunNECisZs+gw2zz1w=="
  "resolved" "https://registry.npmjs.org/browserify-cipher/-/browserify-cipher-1.0.1.tgz"
  "version" "1.0.1"
  dependencies:
    "browserify-aes" "^1.0.4"
    "browserify-des" "^1.0.0"
    "evp_bytestokey" "^1.0.0"

"browserify-des@^1.0.0":
  "integrity" "sha512-BioO1xf3hFwz4kc6iBhI3ieDFompMhrMlnDFC4/0/vd5MokpuAc3R+LYbwTA9A5Yc9pq9UYPqffKpW2ObuwX5A=="
  "resolved" "https://registry.npmjs.org/browserify-des/-/browserify-des-1.0.2.tgz"
  "version" "1.0.2"
  dependencies:
    "cipher-base" "^1.0.1"
    "des.js" "^1.0.0"
    "inherits" "^2.0.1"
    "safe-buffer" "^5.1.2"

"browserify-rsa@^4.0.0", "browserify-rsa@^4.0.1":
  "integrity" "sha1-IeCr+vbyApzy+vsTNWenAdQTVSQ="
  "resolved" "https://registry.npmjs.org/browserify-rsa/-/browserify-rsa-4.0.1.tgz"
  "version" "4.0.1"
  dependencies:
    "bn.js" "^4.1.0"
    "randombytes" "^2.0.1"

"browserify-sign@^4.0.4":
  "integrity" "sha512-/vrA5fguVAKKAVTNJjgSm1tRQDHUU6DbwO9IROu/0WAzC8PKhucDSh18J0RMvVeHAn5puMd+QHC2erPRNf8lmg=="
  "resolved" "https://registry.npmjs.org/browserify-sign/-/browserify-sign-4.2.1.tgz"
  "version" "4.2.1"
  dependencies:
    "bn.js" "^5.1.1"
    "browserify-rsa" "^4.0.1"
    "create-hash" "^1.2.0"
    "create-hmac" "^1.1.7"
    "elliptic" "^6.5.3"
    "inherits" "^2.0.4"
    "parse-asn1" "^5.1.5"
    "readable-stream" "^3.6.0"
    "safe-buffer" "^5.2.0"

"buffer-crc32@~0.2.3":
  "integrity" "sha1-DTM+PwDqxQqhRUq9MO+MKl2ackI="
  "resolved" "https://registry.npmjs.org/buffer-crc32/-/buffer-crc32-0.2.13.tgz"
  "version" "0.2.13"

"buffer-xor@^1.0.3":
  "integrity" "sha1-JuYe0UIvtw3ULm42cp7VHYVf6Nk="
  "resolved" "https://registry.npmjs.org/buffer-xor/-/buffer-xor-1.0.3.tgz"
  "version" "1.0.3"

"cipher-base@^1.0.0", "cipher-base@^1.0.1", "cipher-base@^1.0.3":
  "integrity" "sha512-Kkht5ye6ZGmwv40uUDZztayT2ThLQGfnj/T71N/XzeZeo3nf8foyW7zGTsPYkEya3m5f3cAypH+qe7YOrM1U2Q=="
  "resolved" "https://registry.npmjs.org/cipher-base/-/cipher-base-1.0.4.tgz"
  "version" "1.0.4"
  dependencies:
    "inherits" "^2.0.1"
    "safe-buffer" "^5.0.1"

"commander@~2.20.3":
  "integrity" "sha512-GpVkmM8vF2vQUkj2LvZmD35JxeJOLCwJ9cUkugyk2nuhbv3+mJvpLYYt+0+USMxE+oj+ey/lJEnhZw75x/OMcQ=="
  "resolved" "https://registry.npmjs.org/commander/-/commander-2.20.3.tgz"
  "version" "2.20.3"

"create-ecdh@^4.0.0":
  "integrity" "sha512-mf+TCx8wWc9VpuxfP2ht0iSISLZnt0JgWlrOKZiNqyUZWnjIaCIVNQArMHnCZKfEYRg6IM7A+NeJoN8gf/Ws0A=="
  "resolved" "https://registry.npmjs.org/create-ecdh/-/create-ecdh-4.0.4.tgz"
  "version" "4.0.4"
  dependencies:
    "bn.js" "^4.1.0"
    "elliptic" "^6.5.3"

"create-hash@^1.1.0", "create-hash@^1.2.0":
  "integrity" "sha512-z00bCGNHDG8mHAkP7CtT1qVu+bFQUPjYq/4Iv3C3kWjTFV10zIjfSoeqXo9Asws8gwSHDGj/hl2u4OGIjapeCg=="
  "resolved" "https://registry.npmjs.org/create-hash/-/create-hash-1.2.0.tgz"
  "version" "1.2.0"
  dependencies:
    "cipher-base" "^1.0.1"
    "inherits" "^2.0.1"
    "md5.js" "^1.3.4"
    "ripemd160" "^2.0.1"
    "sha.js" "^2.4.0"

"create-hmac@^1.1.0", "create-hmac@^1.1.2", "create-hmac@^1.1.7":
  "integrity" "sha512-MJG9liiZ+ogc4TzUwuvbER1JRdgvUFSB5+VR/g5h82fGaIRWMWddtKBHi7/sVhfjQZ6SehlyhvQYrcYkaUIpLg=="
  "resolved" "https://registry.npmjs.org/create-hmac/-/create-hmac-1.1.7.tgz"
  "version" "1.1.7"
  dependencies:
    "cipher-base" "^1.0.3"
    "create-hash" "^1.1.0"
    "inherits" "^2.0.1"
    "ripemd160" "^2.0.0"
    "safe-buffer" "^5.0.1"
    "sha.js" "^2.4.8"

"debug@^4.1.1":
  "integrity" "sha512-IX2ncY78vDTjZMFUdmsvIRFY2Cf4FnD0wRs+nQwJU8Lu99/tPFdb0VybiiMTPe3I6rQmwsqQqRBvxU+bZ/I8sg=="
  "resolved" "https://registry.npmjs.org/debug/-/debug-4.2.0.tgz"
  "version" "4.2.0"
  dependencies:
    "ms" "2.1.2"

"des.js@^1.0.0":
  "integrity" "sha512-Q0I4pfFrv2VPd34/vfLrFOoRmlYj3OV50i7fskps1jZWK1kApMWWT9G6RRUeYedLcBDIhnSDaUvJMb3AhUlaEA=="
  "resolved" "https://registry.npmjs.org/des.js/-/des.js-1.0.1.tgz"
  "version" "1.0.1"
  dependencies:
    "inherits" "^2.0.1"
    "minimalistic-assert" "^1.0.0"

"diffie-hellman@^5.0.0":
  "integrity" "sha512-kqag/Nl+f3GwyK25fhUMYj81BUOrZ9IuJsjIcDE5icNM9FJHAVm3VcUDxdLPoQtTuUylWm6ZIknYJwwaPxsUzg=="
  "resolved" "https://registry.npmjs.org/diffie-hellman/-/diffie-hellman-5.0.3.tgz"
  "version" "5.0.3"
  dependencies:
    "bn.js" "^4.1.0"
    "miller-rabin" "^4.0.0"
    "randombytes" "^2.0.0"

"elliptic@^6.5.3":
  "integrity" "sha512-IMqzv5wNQf+E6aHeIqATs0tOLeOTwj1QKbRcS3jBbYkl5oLAserA8yJTT7/VyHUYG91PRmPyeQDObKLPpeS4dw=="
  "resolved" "https://registry.npmjs.org/elliptic/-/elliptic-6.5.3.tgz"
  "version" "6.5.3"
  dependencies:
    "bn.js" "^4.4.0"
    "brorand" "^1.0.1"
    "hash.js" "^1.0.0"
    "hmac-drbg" "^1.0.0"
    "inherits" "^2.0.1"
    "minimalistic-assert" "^1.0.0"
    "minimalistic-crypto-utils" "^1.0.0"

"end-of-stream@^1.1.0":
  "integrity" "sha512-+uw1inIHVPQoaVuHzRyXd21icM+cnt4CzD5rW+NC1wjOUSTOs+Te7FOv7AhN7vS9x/oIyhLP5PR1H+phQAHu5Q=="
  "resolved" "https://registry.npmjs.org/end-of-stream/-/end-of-stream-1.4.4.tgz"
  "version" "1.4.4"
  dependencies:
    "once" "^1.4.0"

"evp_bytestokey@^1.0.0", "evp_bytestokey@^1.0.3":
  "integrity" "sha512-/f2Go4TognH/KvCISP7OUsHn85hT9nUkxxA9BEWxFn+Oj9o8ZNLm/40hdlgSLyuOimsrTKLUMEorQexp/aPQeA=="
  "resolved" "https://registry.npmjs.org/evp_bytestokey/-/evp_bytestokey-1.0.3.tgz"
  "version" "1.0.3"
  dependencies:
    "md5.js" "^1.3.4"
    "safe-buffer" "^5.1.1"

"extract-zip@^2.0.1":
  "integrity" "sha512-GDhU9ntwuKyGXdZBUgTIe+vXnWj0fppUEtMDL0+idd5Sta8TGpHssn/eusA9mrPr9qNDym6SxAYZjNvCn/9RBg=="
  "resolved" "https://registry.npmjs.org/extract-zip/-/extract-zip-2.0.1.tgz"
  "version" "2.0.1"
  dependencies:
    "@types/yauzl" "^2.9.1"
    "debug" "^4.1.1"
    "get-stream" "^5.1.0"
    "yauzl" "^2.10.0"
  optionalDependencies:
    "@types/yauzl" "^2.9.1"

"fd-slicer@~1.1.0":
  "integrity" "sha1-JcfInLH5B3+IkbvmHY85Dq4lbx4="
  "resolved" "https://registry.npmjs.org/fd-slicer/-/fd-slicer-1.1.0.tgz"
  "version" "1.1.0"
  dependencies:
    "pend" "~1.2.0"

"get-stream@^5.1.0":
  "integrity" "sha512-nBF+F1rAZVCu/p7rjzgA+Yb4lfYXrpl7a6VmJrU8wF9I1CKvP/QwPNZHnOlwbTkY6dvtFIzFMSyQXbLoTQPRpA=="
  "resolved" "https://registry.npmjs.org/get-stream/-/get-stream-5.2.0.tgz"
  "version" "5.2.0"
  dependencies:
    "pump" "^3.0.0"

"hash-base@^3.0.0":
  "integrity" "sha512-1nmYp/rhMDiE7AYkDw+lLwlAzz0AntGIe51F3RfFfEqyQ3feY2eI/NcwC6umIQVOASPMsWJLJScWKSSvzL9IVA=="
  "resolved" "https://registry.npmjs.org/hash-base/-/hash-base-3.1.0.tgz"
  "version" "3.1.0"
  dependencies:
    "inherits" "^2.0.4"
    "readable-stream" "^3.6.0"
    "safe-buffer" "^5.2.0"

"hash.js@^1.0.0", "hash.js@^1.0.3":
  "integrity" "sha512-taOaskGt4z4SOANNseOviYDvjEJinIkRgmp7LbKP2YTTmVxWBl87s/uzK9r+44BclBSp2X7K1hqeNfz9JbBeXA=="
  "resolved" "https://registry.npmjs.org/hash.js/-/hash.js-1.1.7.tgz"
  "version" "1.1.7"
  dependencies:
    "inherits" "^2.0.3"
    "minimalistic-assert" "^1.0.1"

"hmac-drbg@^1.0.0":
  "integrity" "sha1-0nRXAQJabHdabFRXk+1QL8DGSaE="
  "resolved" "https://registry.npmjs.org/hmac-drbg/-/hmac-drbg-1.0.1.tgz"
  "version" "1.0.1"
  dependencies:
    "hash.js" "^1.0.3"
    "minimalistic-assert" "^1.0.0"
    "minimalistic-crypto-utils" "^1.0.1"

"inherits@^2.0.1", "inherits@^2.0.3", "inherits@^2.0.4":
  "integrity" "sha512-k/vGaX4/Yla3WzyMCvTQOXYeIHvqOKtnqBduzTHpzpQZzAskKMhZ2K+EnBiSM9zGSoIFeMpXKxa4dYeZIQqewQ=="
  "resolved" "https://registry.npmjs.org/inherits/-/inherits-2.0.4.tgz"
  "version" "2.0.4"

"long@^4.0.0":
  "integrity" "sha512-XsP+KhQif4bjX1kbuSiySJFNAehNxgLb6hPRGJ9QsUr8ajHkuXGdrHmFUTUUXhDwVX2R5bY4JNZEwbUiMhV+MA=="
  "resolved" "https://registry.npmjs.org/long/-/long-4.0.0.tgz"
  "version" "4.0.0"

"md5.js@^1.3.4":
  "integrity" "sha512-xitP+WxNPcTTOgnTJcrhM0xvdPepipPSf3I8EIpGKeFLjt3PlJLIDG3u8EX53ZIubkb+5U2+3rELYpEhHhzdkg=="
  "resolved" "https://registry.npmjs.org/md5.js/-/md5.js-1.3.5.tgz"
  "version" "1.3.5"
  dependencies:
    "hash-base" "^3.0.0"
    "inherits" "^2.0.1"
    "safe-buffer" "^5.1.2"

"miller-rabin@^4.0.0":
  "integrity" "sha512-115fLhvZVqWwHPbClyntxEVfVDfl9DLLTuJvq3g2O/Oxi8AiNouAHvDSzHS0viUJc+V5vm3eq91Xwqn9dp4jRA=="
  "resolved" "https://registry.npmjs.org/miller-rabin/-/miller-rabin-4.0.1.tgz"
  "version" "4.0.1"
  dependencies:
    "bn.js" "^4.0.0"
    "brorand" "^1.0.1"

"minimalistic-assert@^1.0.0", "minimalistic-assert@^1.0.1":
  "integrity" "sha512-UtJcAD4yEaGtjPezWuO9wC4nwUnVH/8/Im3yEHQP4b67cXlD/Qr9hdITCU1xDbSEXg2XKNaP8jsReV7vQd00/A=="
  "resolved" "https://registry.npmjs.org/minimalistic-assert/-/minimalistic-assert-1.0.1.tgz"
  "version" "1.0.1"

"minimalistic-crypto-utils@^1.0.0", "minimalistic-crypto-utils@^1.0.1":
  "integrity" "sha1-9sAMHAsIIkblxNmd+4x8CDsrWCo="
  "resolved" "https://registry.npmjs.org/minimalistic-crypto-utils/-/minimalistic-crypto-utils-1.0.1.tgz"
  "version" "1.0.1"

"ms@2.1.2":
  "integrity" "sha512-sGkPx+VjMtmA6MX27oA4FBFELFCZZ4S4XqeGOXCv68tT+jb3vk/RyaKWP0PTKyWtmLSM0b+adUTEvbs1PEaH2w=="
  "resolved" "https://registry.npmjs.org/ms/-/ms-2.1.2.tgz"
  "version" "2.1.2"

"once@^1.3.1", "once@^1.4.0":
  "integrity" "sha1-WDsap3WWHUsROsF9nFC6753Xa9E="
  "resolved" "https://registry.npmjs.org/once/-/once-1.4.0.tgz"
  "version" "1.4.0"
  dependencies:
    "wrappy" "1"

"parse-asn1@^5.0.0", "parse-asn1@^5.1.5":
  "integrity" "sha512-RnZRo1EPU6JBnra2vGHj0yhp6ebyjBZpmUCLHWiFhxlzvBCCpAuZ7elsBp1PVAbQN0/04VD/19rfzlBSwLstMw=="
  "resolved" "https://registry.npmjs.org/parse-asn1/-/parse-asn1-5.1.6.tgz"
  "version" "5.1.6"
  dependencies:
    "asn1.js" "^5.2.0"
    "browserify-aes" "^1.0.0"
    "evp_bytestokey" "^1.0.0"
    "pbkdf2" "^3.0.3"
    "safe-buffer" "^5.1.1"

"pbkdf2@^3.0.3", "pbkdf2@3.0.8":
  "integrity" "sha1-L4q/FuvsyCJ3lF10irodeHYfYeI="
  "resolved" "https://registry.npmjs.org/pbkdf2/-/pbkdf2-3.0.8.tgz"
  "version" "3.0.8"
  dependencies:
    "create-hmac" "^1.1.2"

"pend@~1.2.0":
  "integrity" "sha1-elfrVQpng/kRUzH89GY9XI4AelA="
  "resolved" "https://registry.npmjs.org/pend/-/pend-1.2.0.tgz"
  "version" "1.2.0"

"protobufjs@^6.9.0":
  "integrity" "sha512-LlGVfEWDXoI/STstRDdZZKb/qusoAWUnmLg9R8OLSO473mBLWHowx8clbX5/+mKDEI+v7GzjoK9tRPZMMcoTrg=="
  "resolved" "https://registry.npmjs.org/protobufjs/-/protobufjs-6.9.0.tgz"
  "version" "6.9.0"
  dependencies:
    "@protobufjs/aspromise" "^1.1.2"
    "@protobufjs/base64" "^1.1.2"
    "@protobufjs/codegen" "^2.0.4"
    "@protobufjs/eventemitter" "^1.1.0"
    "@protobufjs/fetch" "^1.1.0"
    "@protobufjs/float" "^1.0.2"
    "@protobufjs/inquire" "^1.1.0"
    "@protobufjs/path" "^1.1.2"
    "@protobufjs/pool" "^1.1.0"
    "@protobufjs/utf8" "^1.1.0"
    "@types/long" "^4.0.1"
    "@types/node" "^13.7.0"
    "long" "^4.0.0"

"public-encrypt@^4.0.0":
  "integrity" "sha512-zVpa8oKZSz5bTMTFClc1fQOnyyEzpl5ozpi1B5YcvBrdohMjH2rfsBtyXcuNuwjsDIXmBYlF2N5FlJYhR29t8Q=="
  "resolved" "https://registry.npmjs.org/public-encrypt/-/public-encrypt-4.0.3.tgz"
  "version" "4.0.3"
  dependencies:
    "bn.js" "^4.1.0"
    "browserify-rsa" "^4.0.0"
    "create-hash" "^1.1.0"
    "parse-asn1" "^5.0.0"
    "randombytes" "^2.0.1"
    "safe-buffer" "^5.1.2"

"pump@^3.0.0":
  "integrity" "sha512-LwZy+p3SFs1Pytd/jYct4wpv49HiYCqd9Rlc5ZVdk0V+8Yzv6jR5Blk3TRmPL1ft69TxP0IMZGJ+WPFU2BFhww=="
  "resolved" "https://registry.npmjs.org/pump/-/pump-3.0.0.tgz"
  "version" "3.0.0"
  dependencies:
    "end-of-stream" "^1.1.0"
    "once" "^1.3.1"

"randombytes@^2.0.0", "randombytes@^2.0.1", "randombytes@^2.0.5":
  "integrity" "sha512-vYl3iOX+4CKUWuxGi9Ukhie6fsqXqS9FE2Zaic4tNFD2N2QQaXOMFbuKK4QmDHC0JO6B1Zp41J0LpT0oR68amQ=="
  "resolved" "https://registry.npmjs.org/randombytes/-/randombytes-2.1.0.tgz"
  "version" "2.1.0"
  dependencies:
    "safe-buffer" "^5.1.0"

"randomfill@^1.0.3":
  "integrity" "sha512-87lcbR8+MhcWcUiQ+9e+Rwx8MyR2P7qnt15ynUlbm3TU/fjbgz4GsvfSUDTemtCCtVCqb4ZcEFlyPNTh9bBTLw=="
  "resolved" "https://registry.npmjs.org/randomfill/-/randomfill-1.0.4.tgz"
  "version" "1.0.4"
  dependencies:
    "randombytes" "^2.0.5"
    "safe-buffer" "^5.1.0"

"react-native-crypto@^2.2.0":
  "integrity" "sha512-eZu9Y8pa8BN9FU2pIex7MLRAi+Cd1Y6bsxfiufKh7sfraAACJvjQTeW7/zcQAT93WMfM+D0OVk+bubvkrbrUkw=="
  "resolved" "https://registry.npmjs.org/react-native-crypto/-/react-native-crypto-2.2.0.tgz"
  "version" "2.2.0"
  dependencies:
    "browserify-cipher" "^1.0.0"
    "browserify-sign" "^4.0.4"
    "create-ecdh" "^4.0.0"
    "create-hash" "^1.1.0"
    "create-hmac" "^1.1.0"
    "diffie-hellman" "^5.0.0"
    "inherits" "^2.0.1"
    "pbkdf2" "3.0.8"
    "public-encrypt" "^4.0.0"
    "randomfill" "^1.0.3"

"readable-stream@^3.6.0":
  "integrity" "sha512-BViHy7LKeTz4oNnkcLJ+lVSL6vpiFeX6/d3oSH8zCW7UxP2onchk+vTGB143xuFjHS3deTgkKoXXymXqymiIdA=="
  "resolved" "https://registry.npmjs.org/readable-stream/-/readable-stream-3.6.0.tgz"
  "version" "3.6.0"
  dependencies:
    "inherits" "^2.0.3"
    "string_decoder" "^1.1.1"
    "util-deprecate" "^1.0.1"

"ripemd160@^2.0.0", "ripemd160@^2.0.1":
  "integrity" "sha512-ii4iagi25WusVoiC4B4lq7pbXfAp3D9v5CwfkY33vffw2+pkDjY1D8GaN7spsxvCSx8dkPqOZCEZyfxcmJG2IA=="
  "resolved" "https://registry.npmjs.org/ripemd160/-/ripemd160-2.0.2.tgz"
  "version" "2.0.2"
  dependencies:
    "hash-base" "^3.0.0"
    "inherits" "^2.0.1"

"safe-buffer@^5.0.1", "safe-buffer@^5.1.0", "safe-buffer@^5.1.1", "safe-buffer@^5.1.2", "safe-buffer@^5.2.0", "safe-buffer@~5.2.0":
  "integrity" "sha512-rp3So07KcdmmKbGvgaNxQSJr7bGVSVk5S9Eq1F+ppbRo70+YeaDxkw5Dd8NPN+GD6bjnYm2VuPuCXmpuYvmCXQ=="
  "resolved" "https://registry.npmjs.org/safe-buffer/-/safe-buffer-5.2.1.tgz"
  "version" "5.2.1"

"safer-buffer@^2.1.0":
  "integrity" "sha512-YZo3K82SD7Riyi0E1EQPojLz7kpepnSQI9IyPbHHg1XXXevb5dJI7tpyN2ADxGcQbHG7vcyRHk0cbwqcQriUtg=="
  "resolved" "https://registry.npmjs.org/safer-buffer/-/safer-buffer-2.1.2.tgz"
  "version" "2.1.2"

"sha.js@^2.4.0", "sha.js@^2.4.8":
  "integrity" "sha512-QMEp5B7cftE7APOjk5Y6xgrbWu+WkLVQwk8JNjZ8nKRciZaByEW6MubieAiToS7+dwvrjGhH8jRXz3MVd0AYqQ=="
  "resolved" "https://registry.npmjs.org/sha.js/-/sha.js-2.4.11.tgz"
  "version" "2.4.11"
  dependencies:
    "inherits" "^2.0.1"
    "safe-buffer" "^5.0.1"

"string_decoder@^1.1.1":
  "integrity" "sha512-hkRX8U1WjJFd8LsDJ2yQ/wWWxaopEsABU1XfkM8A+j0+85JAGppt16cr1Whg6KIbb4okU6Mql6BOj+uup/wKeA=="
  "resolved" "https://registry.npmjs.org/string_decoder/-/string_decoder-1.3.0.tgz"
  "version" "1.3.0"
  dependencies:
    "safe-buffer" "~5.2.0"

"uglify-js@^3.9.4":
  "integrity" "sha512-8RZBJq5smLOa7KslsNsVcSH+KOXf1uDU8yqLeNuVKwmT0T3FA0ZoXlinQfRad7SDcbZZRZE4ov+2v71EnxNyCA=="
  "resolved" "https://registry.npmjs.org/uglify-js/-/uglify-js-3.9.4.tgz"
  "version" "3.9.4"
  dependencies:
    "commander" "~2.20.3"

"util-deprecate@^1.0.1":
  "integrity" "sha1-RQ1Nyfpw3nMnYvvS1KKJgUGaDM8="
  "resolved" "https://registry.npmjs.org/util-deprecate/-/util-deprecate-1.0.2.tgz"
  "version" "1.0.2"

"wrappy@1":
  "integrity" "sha1-tSQ9jz7BqjXxNkYFvA0QNuMKtp8="
  "resolved" "https://registry.npmjs.org/wrappy/-/wrappy-1.0.2.tgz"
  "version" "1.0.2"

"yauzl@^2.10.0":
  "integrity" "sha1-x+sXyT4RLLEIb6bY5R+wZnt5pfk="
  "resolved" "https://registry.npmjs.org/yauzl/-/yauzl-2.10.0.tgz"
  "version" "2.10.0"
  dependencies:
    "buffer-crc32" "~0.2.3"
    "fd-slicer" "~1.1.0"
